{
  "requires": true,
  "lockfileVersion": 1,
  "dependencies": {
    "purty": {
      "version": "4.5.1",
      "resolved": "https://registry.npmjs.org/purty/-/purty-4.5.1.tgz",
      "integrity": "sha512-yS+5XAlri7P4YwA0UpJeLPfMSYpwl8Uk3c1ly/BXRGIyAgzxfIel7jpn3mgLKMwY5ALv/v0VRnY/K8I+EzD8vw=="
    }
  }
}
